<?xml version="1.0" encoding="utf-8"?>
<Project ToolsVersion="4.0" xmlns="http://schemas.microsoft.com/developer/msbuild/2003">
  <ItemGroup>
    <Filter Include="Source Files">
      <UniqueIdentifier>{4FC737F1-C7A5-4376-A066-2A32D752A2FF}</UniqueIdentifier>
      <Extensions>cpp;c;cc;cxx;c++;cppm;ixx;def;odl;idl;hpj;bat;asm;asmx</Extensions>
    </Filter>
    <Filter Include="Header Files">
      <UniqueIdentifier>{93995380-89BD-4b04-88EB-625FBE52EBFB}</UniqueIdentifier>
      <Extensions>h;hh;hpp;hxx;h++;hm;inl;inc;ipp;xsd</Extensions>
    </Filter>
    <Filter Include="Resource Files">
      <UniqueIdentifier>{67DA6AB6-F800-4c08-8B7A-83BB121AAD01}</UniqueIdentifier>
      <Extensions>rc;ico;cur;bmp;dlg;rc2;rct;bin;rgs;gif;jpg;jpeg;jpe;resx;tiff;tif;png;wav;mfcribbon-ms</Extensions>
    </Filter>
    <Filter Include="Source Files\Math">
      <UniqueIdentifier>{05766dca-05da-40e8-adfd-94d21867e6ee}</UniqueIdentifier>
    </Filter>
    <Filter Include="Header Files\Math">
      <UniqueIdentifier>{96b85dc2-116c-4046-bad5-da23bb891fc7}</UniqueIdentifier>
    </Filter>
  </ItemGroup>
  <ItemGroup>
    <ClCompile Include="main.cpp">
      <Filter>Source Files</Filter>
    </ClCompile>
    <ClCompile Include="Math\mtx4.cpp">
      <Filter>Source Files\Math</Filter>
    </ClCompile>
    <ClCompile Include="Math\vec2.cpp">
      <Filter>Source Files\Math</Filter>
    </ClCompile>
    <ClCompile Include="Math\vec3.cpp">
      <Filter>Source Files\Math</Filter>
    </ClCompile>
    <ClCompile Include="Math\vec4.cpp">
      <Filter>Source Files\Math</Filter>
    </ClCompile>
    <ClCompile Include="Console\console.cpp">
      <Filter>Source Files</Filter>
    </ClCompile>
    <ClCompile Include="Math\line.cpp">
      <Filter>Source Files</Filter>
    </ClCompile>
    <ClCompile Include="Math\mtx3x3.cpp">
      <Filter>Source Files</Filter>
    </ClCompile>
    <ClCompile Include="Math\donut.cpp">
      <Filter>Source Files</Filter>
    </ClCompile>
    <ClCompile Include="Math\light.cpp">
      <Filter>Source Files</Filter>
    </ClCompile>
  </ItemGroup>
  <ItemGroup>
    <ClInclude Include="Math\mtx4.h">
      <Filter>Header Files</Filter>
    </ClInclude>
    <ClInclude Include="Math\types_shortened.h">
      <Filter>Header Files\Math</Filter>
    </ClInclude>
    <ClInclude Include="Math\vec2.h">
      <Filter>Header Files\Math</Filter>
    </ClInclude>
    <ClInclude Include="Math\vec3.h">
      <Filter>Header Files\Math</Filter>
    </ClInclude>
    <ClInclude Include="Math\vec4.h">
      <Filter>Header Files\Math</Filter>
    </ClInclude>
    <ClInclude Include="Console\console.h">
      <Filter>Header Files</Filter>
    </ClInclude>
    <ClInclude Include="Math\line.h">
      <Filter>Header Files</Filter>
    </ClInclude>
    <ClInclude Include="Math\mtx3x3.h">
      <Filter>Header Files</Filter>
    </ClInclude>
    <ClInclude Include="Math\mathf.h">
      <Filter>Header Files</Filter>
    </ClInclude>
    <ClInclude Include="Math\donut.h">
      <Filter>Header Files</Filter>
    </ClInclude>
    <ClInclude Include="Math\light.h">
      <Filter>Header Files</Filter>
    </ClInclude>
  </ItemGroup>
</Project>